
Microsoft Visual Studio Solution File, Format Version 11.00
# Visual Studio 2010
Project("{FAE04EC0-301F-11D3-BF4B-00C04F79EFBC}") = "PTIC.VC", "PTIC\PTIC.VC.csproj", "{51346FA8-754E-4AFE-9994-9BCE833CF360}"
EndProject
Project("{FAE04EC0-301F-11D3-BF4B-00C04F79EFBC}") = "PTIC.Sale", "PTIC.Sale\PTIC.Sale.csproj", "{BFB88324-E8D0-4D67-A84F-261EE287DD36}"
EndProject
Project("{FAE04EC0-301F-11D3-BF4B-00C04F79EFBC}") = "PTIC.Marketing", "PTIC.Marketing\PTIC.Marketing.csproj", "{18ABD427-FF0E-4A66-ABC8-CF3F4141173D}"
EndProject
Project("{FAE04EC0-301F-11D3-BF4B-00C04F79EFBC}") = "PTIC.Common", "PTIC.Common\PTIC.Common.csproj", "{1ECA1186-492E-4574-AB87-ECEA663BBCAC}"
EndProject
Project("{FAE04EC0-301F-11D3-BF4B-00C04F79EFBC}") = "AGL.UI.Controls", "AGL.UI.Controls\AGL.UI.Controls.csproj", "{FED56D00-BF62-4614-9D71-28EECC376E97}"
EndProject
Project("{FAE04EC0-301F-11D3-BF4B-00C04F79EFBC}") = "PTIC.Web", "PTIC.Web\PTIC.Web.csproj", "{50904853-BBEF-4837-A63B-99BEBC8F1747}"
EndProject
Project("{54435603-DBB4-11D2-8724-00A0C9A8B90C}") = "PTIC_Sales_Marketing_Setup", "PTIC_Sales_Marketing_Setup\PTIC_Sales_Marketing_Setup.vdproj", "{07282438-A06C-4A6C-B9B7-D77084A43105}"
EndProject
Project("{FAE04EC0-301F-11D3-BF4B-00C04F79EFBC}") = "AGL.Util", "AGL.Util\AGL.Util.csproj", "{13994880-966E-458D-9F5C-BC413E51D0D4}"
EndProject
Global
	GlobalSection(SubversionScc) = preSolution
		Svn-Managed = True
		Manager = AnkhSVN - Subversion Support for Visual Studio
	EndGlobalSection
	GlobalSection(SolutionConfigurationPlatforms) = preSolution
		Debug|Any CPU = Debug|Any CPU
		Debug|Mixed Platforms = Debug|Mixed Platforms
		Debug|x86 = Debug|x86
		Release|Any CPU = Release|Any CPU
		Release|Mixed Platforms = Release|Mixed Platforms
		Release|x86 = Release|x86
	EndGlobalSection
	GlobalSection(ProjectConfigurationPlatforms) = postSolution
		{51346FA8-754E-4AFE-9994-9BCE833CF360}.Debug|Any CPU.ActiveCfg = Debug|x86
		{51346FA8-754E-4AFE-9994-9BCE833CF360}.Debug|Mixed Platforms.ActiveCfg = Debug|x86
		{51346FA8-754E-4AFE-9994-9BCE833CF360}.Debug|Mixed Platforms.Build.0 = Debug|x86
		{51346FA8-754E-4AFE-9994-9BCE833CF360}.Debug|x86.ActiveCfg = Debug|x86
		{51346FA8-754E-4AFE-9994-9BCE833CF360}.Debug|x86.Build.0 = Debug|x86
		{51346FA8-754E-4AFE-9994-9BCE833CF360}.Release|Any CPU.ActiveCfg = Release|x86
		{51346FA8-754E-4AFE-9994-9BCE833CF360}.Release|Mixed Platforms.ActiveCfg = Release|x86
		{51346FA8-754E-4AFE-9994-9BCE833CF360}.Release|Mixed Platforms.Build.0 = Release|x86
		{51346FA8-754E-4AFE-9994-9BCE833CF360}.Release|x86.ActiveCfg = Release|x86
		{51346FA8-754E-4AFE-9994-9BCE833CF360}.Release|x86.Build.0 = Release|x86
		{BFB88324-E8D0-4D67-A84F-261EE287DD36}.Debug|Any CPU.ActiveCfg = Debug|Any CPU
		{BFB88324-E8D0-4D67-A84F-261EE287DD36}.Debug|Any CPU.Build.0 = Debug|Any CPU
		{BFB88324-E8D0-4D67-A84F-261EE287DD36}.Debug|Mixed Platforms.ActiveCfg = Debug|Any CPU
		{BFB88324-E8D0-4D67-A84F-261EE287DD36}.Debug|Mixed Platforms.Build.0 = Debug|Any CPU
		{BFB88324-E8D0-4D67-A84F-261EE287DD36}.Debug|x86.ActiveCfg = Debug|Any CPU
		{BFB88324-E8D0-4D67-A84F-261EE287DD36}.Release|Any CPU.ActiveCfg = Release|Any CPU
		{BFB88324-E8D0-4D67-A84F-261EE287DD36}.Release|Any CPU.Build.0 = Release|Any CPU
		{BFB88324-E8D0-4D67-A84F-261EE287DD36}.Release|Mixed Platforms.ActiveCfg = Release|Any CPU
		{BFB88324-E8D0-4D67-A84F-261EE287DD36}.Release|Mixed Platforms.Build.0 = Release|Any CPU
		{BFB88324-E8D0-4D67-A84F-261EE287DD36}.Release|x86.ActiveCfg = Release|Any CPU
		{18ABD427-FF0E-4A66-ABC8-CF3F4141173D}.Debug|Any CPU.ActiveCfg = Debug|Any CPU
		{18ABD427-FF0E-4A66-ABC8-CF3F4141173D}.Debug|Any CPU.Build.0 = Debug|Any CPU
		{18ABD427-FF0E-4A66-ABC8-CF3F4141173D}.Debug|Mixed Platforms.ActiveCfg = Debug|Any CPU
		{18ABD427-FF0E-4A66-ABC8-CF3F4141173D}.Debug|Mixed Platforms.Build.0 = Debug|Any CPU
		{18ABD427-FF0E-4A66-ABC8-CF3F4141173D}.Debug|x86.ActiveCfg = Debug|Any CPU
		{18ABD427-FF0E-4A66-ABC8-CF3F4141173D}.Release|Any CPU.ActiveCfg = Release|Any CPU
		{18ABD427-FF0E-4A66-ABC8-CF3F4141173D}.Release|Any CPU.Build.0 = Release|Any CPU
		{18ABD427-FF0E-4A66-ABC8-CF3F4141173D}.Release|Mixed Platforms.ActiveCfg = Release|Any CPU
		{18ABD427-FF0E-4A66-ABC8-CF3F4141173D}.Release|Mixed Platforms.Build.0 = Release|Any CPU
		{18ABD427-FF0E-4A66-ABC8-CF3F4141173D}.Release|x86.ActiveCfg = Release|Any CPU
		{1ECA1186-492E-4574-AB87-ECEA663BBCAC}.Debug|Any CPU.ActiveCfg = Debug|Any CPU
		{1ECA1186-492E-4574-AB87-ECEA663BBCAC}.Debug|Any CPU.Build.0 = Debug|Any CPU
		{1ECA1186-492E-4574-AB87-ECEA663BBCAC}.Debug|Mixed Platforms.ActiveCfg = Debug|Any CPU
		{1ECA1186-492E-4574-AB87-ECEA663BBCAC}.Debug|Mixed Platforms.Build.0 = Debug|Any CPU
		{1ECA1186-492E-4574-AB87-ECEA663BBCAC}.Debug|x86.ActiveCfg = Debug|Any CPU
		{1ECA1186-492E-4574-AB87-ECEA663BBCAC}.Release|Any CPU.ActiveCfg = Release|Any CPU
		{1ECA1186-492E-4574-AB87-ECEA663BBCAC}.Release|Any CPU.Build.0 = Release|Any CPU
		{1ECA1186-492E-4574-AB87-ECEA663BBCAC}.Release|Mixed Platforms.ActiveCfg = Release|Any CPU
		{1ECA1186-492E-4574-AB87-ECEA663BBCAC}.Release|Mixed Platforms.Build.0 = Release|Any CPU
		{1ECA1186-492E-4574-AB87-ECEA663BBCAC}.Release|x86.ActiveCfg = Release|Any CPU
		{FED56D00-BF62-4614-9D71-28EECC376E97}.Debug|Any CPU.ActiveCfg = Debug|Any CPU
		{FED56D00-BF62-4614-9D71-28EECC376E97}.Debug|Any CPU.Build.0 = Debug|Any CPU
		{FED56D00-BF62-4614-9D71-28EECC376E97}.Debug|Mixed Platforms.ActiveCfg = Debug|Any CPU
		{FED56D00-BF62-4614-9D71-28EECC376E97}.Debug|Mixed Platforms.Build.0 = Debug|Any CPU
		{FED56D00-BF62-4614-9D71-28EECC376E97}.Debug|x86.ActiveCfg = Debug|Any CPU
		{FED56D00-BF62-4614-9D71-28EECC376E97}.Release|Any CPU.ActiveCfg = Release|Any CPU
		{FED56D00-BF62-4614-9D71-28EECC376E97}.Release|Any CPU.Build.0 = Release|Any CPU
		{FED56D00-BF62-4614-9D71-28EECC376E97}.Release|Mixed Platforms.ActiveCfg = Release|Any CPU
		{FED56D00-BF62-4614-9D71-28EECC376E97}.Release|Mixed Platforms.Build.0 = Release|Any CPU
		{FED56D00-BF62-4614-9D71-28EECC376E97}.Release|x86.ActiveCfg = Release|Any CPU
		{50904853-BBEF-4837-A63B-99BEBC8F1747}.Debug|Any CPU.ActiveCfg = Debug|Any CPU
		{50904853-BBEF-4837-A63B-99BEBC8F1747}.Debug|Any CPU.Build.0 = Debug|Any CPU
		{50904853-BBEF-4837-A63B-99BEBC8F1747}.Debug|Mixed Platforms.ActiveCfg = Debug|Any CPU
		{50904853-BBEF-4837-A63B-99BEBC8F1747}.Debug|Mixed Platforms.Build.0 = Debug|Any CPU
		{50904853-BBEF-4837-A63B-99BEBC8F1747}.Debug|x86.ActiveCfg = Debug|Any CPU
		{50904853-BBEF-4837-A63B-99BEBC8F1747}.Release|Any CPU.ActiveCfg = Release|Any CPU
		{50904853-BBEF-4837-A63B-99BEBC8F1747}.Release|Any CPU.Build.0 = Release|Any CPU
		{50904853-BBEF-4837-A63B-99BEBC8F1747}.Release|Mixed Platforms.ActiveCfg = Release|Any CPU
		{50904853-BBEF-4837-A63B-99BEBC8F1747}.Release|Mixed Platforms.Build.0 = Release|Any CPU
		{50904853-BBEF-4837-A63B-99BEBC8F1747}.Release|x86.ActiveCfg = Release|Any CPU
		{07282438-A06C-4A6C-B9B7-D77084A43105}.Debug|Any CPU.ActiveCfg = Debug
		{07282438-A06C-4A6C-B9B7-D77084A43105}.Debug|Mixed Platforms.ActiveCfg = Debug
		{07282438-A06C-4A6C-B9B7-D77084A43105}.Debug|x86.ActiveCfg = Debug
		{07282438-A06C-4A6C-B9B7-D77084A43105}.Release|Any CPU.ActiveCfg = Release
		{07282438-A06C-4A6C-B9B7-D77084A43105}.Release|Mixed Platforms.ActiveCfg = Release
		{07282438-A06C-4A6C-B9B7-D77084A43105}.Release|x86.ActiveCfg = Release
		{13994880-966E-458D-9F5C-BC413E51D0D4}.Debug|Any CPU.ActiveCfg = Debug|Any CPU
		{13994880-966E-458D-9F5C-BC413E51D0D4}.Debug|Any CPU.Build.0 = Debug|Any CPU
		{13994880-966E-458D-9F5C-BC413E51D0D4}.Debug|Mixed Platforms.ActiveCfg = Debug|Any CPU
		{13994880-966E-458D-9F5C-BC413E51D0D4}.Debug|Mixed Platforms.Build.0 = Debug|Any CPU
		{13994880-966E-458D-9F5C-BC413E51D0D4}.Debug|x86.ActiveCfg = Debug|Any CPU
		{13994880-966E-458D-9F5C-BC413E51D0D4}.Release|Any CPU.ActiveCfg = Release|Any CPU
		{13994880-966E-458D-9F5C-BC413E51D0D4}.Release|Any CPU.Build.0 = Release|Any CPU
		{13994880-966E-458D-9F5C-BC413E51D0D4}.Release|Mixed Platforms.ActiveCfg = Release|Any CPU
		{13994880-966E-458D-9F5C-BC413E51D0D4}.Release|Mixed Platforms.Build.0 = Release|Any CPU
		{13994880-966E-458D-9F5C-BC413E51D0D4}.Release|x86.ActiveCfg = Release|Any CPU
	EndGlobalSection
	GlobalSection(SolutionProperties) = preSolution
		HideSolutionNode = FALSE
	EndGlobalSection
EndGlobal
